
Microsoft Visual Studio Solution File, Format Version 12.00
# Visual Studio Version 16
VisualStudioVersion = 16.0.30225.117
MinimumVisualStudioVersion = 10.0.40219.1
Project("{FAE04EC0-301F-11D3-BF4B-00C04F79EFBC}") = "FunctionApp-managedidentity-sample10", "FunctionApp-managedidentity-sample10\FunctionApp-managedidentity-sample10.csproj", "{F60C75F0-1CAF-406D-BAA8-0166887EAD70}"
EndProject
Global
	GlobalSection(SolutionConfigurationPlatforms) = preSolution
		Debug|Any CPU = Debug|Any CPU
		Release|Any CPU = Release|Any CPU
	EndGlobalSection
	GlobalSection(ProjectConfigurationPlatforms) = postSolution
		{F60C75F0-1CAF-406D-BAA8-0166887EAD70}.Debug|Any CPU.ActiveCfg = Debug|Any CPU
		{F60C75F0-1CAF-406D-BAA8-0166887EAD70}.Debug|Any CPU.Build.0 = Debug|Any CPU
		{F60C75F0-1CAF-406D-BAA8-0166887EAD70}.Release|Any CPU.ActiveCfg = Release|Any CPU
		{F60C75F0-1CAF-406D-BAA8-0166887EAD70}.Release|Any CPU.Build.0 = Release|Any CPU
	EndGlobalSection
	GlobalSection(SolutionProperties) = preSolution
		HideSolutionNode = FALSE
	EndGlobalSection
	GlobalSection(ExtensibilityGlobals) = postSolution
		SolutionGuid = {209A9011-52E6-4BAB-A055-1EE24B621A39}
	EndGlobalSection
EndGlobal
